
Microsoft Visual Studio Solution File, Format Version 11.00
# Visual Studio 2010
Project("{F184B08F-C81C-45F6-A57F-5ABD9991F28F}") = "USBInforma", "USBInforma\USBInforma.vbproj", "{82C477A9-6C81-47B1-9BBD-326604E0FEF2}"
EndProject
Project("{F184B08F-C81C-45F6-A57F-5ABD9991F28F}") = "USBInforma.Infrastructure", "USBInforma.Infrastructure\USBInforma.Infrastructure.vbproj", "{0020B5E4-C5CF-4BAA-B76F-9496C3455D8B}"
EndProject
Global
	GlobalSection(SolutionConfigurationPlatforms) = preSolution
		Debug|Any CPU = Debug|Any CPU
		Debug|Mixed Platforms = Debug|Mixed Platforms
		Debug|x86 = Debug|x86
		Release|Any CPU = Release|Any CPU
		Release|Mixed Platforms = Release|Mixed Platforms
		Release|x86 = Release|x86
	EndGlobalSection
	GlobalSection(ProjectConfigurationPlatforms) = postSolution
		{82C477A9-6C81-47B1-9BBD-326604E0FEF2}.Debug|Any CPU.ActiveCfg = Debug|x86
		{82C477A9-6C81-47B1-9BBD-326604E0FEF2}.Debug|Any CPU.Build.0 = Debug|x86
		{82C477A9-6C81-47B1-9BBD-326604E0FEF2}.Debug|Mixed Platforms.ActiveCfg = Debug|x86
		{82C477A9-6C81-47B1-9BBD-326604E0FEF2}.Debug|Mixed Platforms.Build.0 = Debug|x86
		{82C477A9-6C81-47B1-9BBD-326604E0FEF2}.Debug|x86.ActiveCfg = Debug|x86
		{82C477A9-6C81-47B1-9BBD-326604E0FEF2}.Debug|x86.Build.0 = Debug|x86
		{82C477A9-6C81-47B1-9BBD-326604E0FEF2}.Release|Any CPU.ActiveCfg = Release|x86
		{82C477A9-6C81-47B1-9BBD-326604E0FEF2}.Release|Mixed Platforms.ActiveCfg = Release|x86
		{82C477A9-6C81-47B1-9BBD-326604E0FEF2}.Release|Mixed Platforms.Build.0 = Release|x86
		{82C477A9-6C81-47B1-9BBD-326604E0FEF2}.Release|x86.ActiveCfg = Release|x86
		{82C477A9-6C81-47B1-9BBD-326604E0FEF2}.Release|x86.Build.0 = Release|x86
		{0020B5E4-C5CF-4BAA-B76F-9496C3455D8B}.Debug|Any CPU.ActiveCfg = Debug|x86
		{0020B5E4-C5CF-4BAA-B76F-9496C3455D8B}.Debug|Any CPU.Build.0 = Debug|x86
		{0020B5E4-C5CF-4BAA-B76F-9496C3455D8B}.Debug|Mixed Platforms.ActiveCfg = Debug|x86
		{0020B5E4-C5CF-4BAA-B76F-9496C3455D8B}.Debug|Mixed Platforms.Build.0 = Debug|x86
		{0020B5E4-C5CF-4BAA-B76F-9496C3455D8B}.Debug|x86.ActiveCfg = Debug|x86
		{0020B5E4-C5CF-4BAA-B76F-9496C3455D8B}.Debug|x86.Build.0 = Debug|x86
		{0020B5E4-C5CF-4BAA-B76F-9496C3455D8B}.Release|Any CPU.ActiveCfg = Release|Any CPU
		{0020B5E4-C5CF-4BAA-B76F-9496C3455D8B}.Release|Any CPU.Build.0 = Release|Any CPU
		{0020B5E4-C5CF-4BAA-B76F-9496C3455D8B}.Release|Mixed Platforms.ActiveCfg = Release|Any CPU
		{0020B5E4-C5CF-4BAA-B76F-9496C3455D8B}.Release|Mixed Platforms.Build.0 = Release|Any CPU
		{0020B5E4-C5CF-4BAA-B76F-9496C3455D8B}.Release|x86.ActiveCfg = Release|x86
		{0020B5E4-C5CF-4BAA-B76F-9496C3455D8B}.Release|x86.Build.0 = Release|x86
	EndGlobalSection
	GlobalSection(SolutionProperties) = preSolution
		HideSolutionNode = FALSE
	EndGlobalSection
EndGlobal
